// !$*UTF8*$!
{
	archiveVersion = 1;
	classes = {
	};
	objectVersion = 46;
	objects = {

/* Begin PBXBuildFile section */
		6904B0FB1FFDC8D1000B64F3 /* PacketTunnel.appex in Embed App Extensions */ = {isa = PBXBuildFile; fileRef = B07CCB6D1A89414500A4F1E5 /* PacketTunnel.appex */; settings = {ATTRIBUTES = (RemoveHeadersOnCopy, ); }; };
		69836CE2212400AB00815672 /* NetworkExtension.framework in Frameworks */ = {isa = PBXBuildFile; fileRef = 69836CE1212400AB00815672 /* NetworkExtension.framework */; };
		7208A593E9059346E1CF9EED /* Pods_SwiftV2Ray.framework in Frameworks */ = {isa = PBXBuildFile; fileRef = D3A6121B47CB4BF81CE23659 /* Pods_SwiftV2Ray.framework */; };
		957338B523FA941E0040B1A9 /* config.json in Resources */ = {isa = PBXBuildFile; fileRef = 957338B323FA941E0040B1A9 /* config.json */; };
		957338B623FA941E0040B1A9 /* config.json in Resources */ = {isa = PBXBuildFile; fileRef = 957338B323FA941E0040B1A9 /* config.json */; };
		957338B723FA941E0040B1A9 /* V2RayConfig.swift in Sources */ = {isa = PBXBuildFile; fileRef = 957338B423FA941E0040B1A9 /* V2RayConfig.swift */; };
		957338B823FA941E0040B1A9 /* V2RayConfig.swift in Sources */ = {isa = PBXBuildFile; fileRef = 957338B423FA941E0040B1A9 /* V2RayConfig.swift */; };
		9595ACA623D40E5A005D5949 /* HomeContentServerCell.xib in Resources */ = {isa = PBXBuildFile; fileRef = 9595ACA523D40E5A005D5949 /* HomeContentServerCell.xib */; };
		9595ACA823D40EA5005D5949 /* HomeContentServerCell.swift in Sources */ = {isa = PBXBuildFile; fileRef = 9595ACA723D40EA5005D5949 /* HomeContentServerCell.swift */; };
		9595ACF123EB0854005D5949 /* VmessEndpoint.swift in Sources */ = {isa = PBXBuildFile; fileRef = 95B5D7EB23D2CC990051EC3C /* VmessEndpoint.swift */; };
		959DC32223EE772E00D5FD58 /* Tun2socks.framework in Frameworks */ = {isa = PBXBuildFile; fileRef = 959DC32123EE772D00D5FD58 /* Tun2socks.framework */; };
		95B5D79C23D2CBF40051EC3C /* SceneDelegate.swift in Sources */ = {isa = PBXBuildFile; fileRef = 95B5D79B23D2CBF40051EC3C /* SceneDelegate.swift */; };
		95B5D7F923D2CC990051EC3C /* VPNHelper.swift in Sources */ = {isa = PBXBuildFile; fileRef = 95B5D7E223D2CC990051EC3C /* VPNHelper.swift */; };
		95B5D7FD23D2CC990051EC3C /* AirportTool.swift in Sources */ = {isa = PBXBuildFile; fileRef = 95B5D7E723D2CC990051EC3C /* AirportTool.swift */; };
		95B5D7FE23D2CC990051EC3C /* HomeContentViewModel.swift in Sources */ = {isa = PBXBuildFile; fileRef = 95B5D7EA23D2CC990051EC3C /* HomeContentViewModel.swift */; };
		95B5D7FF23D2CC990051EC3C /* VmessEndpoint.swift in Sources */ = {isa = PBXBuildFile; fileRef = 95B5D7EB23D2CC990051EC3C /* VmessEndpoint.swift */; };
		95B5D80023D2CC990051EC3C /* HomeTabViewController.swift in Sources */ = {isa = PBXBuildFile; fileRef = 95B5D7ED23D2CC990051EC3C /* HomeTabViewController.swift */; };
		95B5D80123D2CC990051EC3C /* SettingTabViewController.swift in Sources */ = {isa = PBXBuildFile; fileRef = 95B5D7EE23D2CC990051EC3C /* SettingTabViewController.swift */; };
		95B5D80223D2CC990051EC3C /* HomeContentControlCell.swift in Sources */ = {isa = PBXBuildFile; fileRef = 95B5D7EF23D2CC990051EC3C /* HomeContentControlCell.swift */; };
		95B5D80323D2CC990051EC3C /* HomeContentViewController.xib in Resources */ = {isa = PBXBuildFile; fileRef = 95B5D7F023D2CC990051EC3C /* HomeContentViewController.xib */; };
		95B5D80423D2CC990051EC3C /* HomeContentProxyCell.swift in Sources */ = {isa = PBXBuildFile; fileRef = 95B5D7F123D2CC990051EC3C /* HomeContentProxyCell.swift */; };
		95B5D80523D2CC990051EC3C /* HomeContentProxyCell.xib in Resources */ = {isa = PBXBuildFile; fileRef = 95B5D7F223D2CC990051EC3C /* HomeContentProxyCell.xib */; };
		95B5D80623D2CC990051EC3C /* HomeContentControlCell.xib in Resources */ = {isa = PBXBuildFile; fileRef = 95B5D7F323D2CC990051EC3C /* HomeContentControlCell.xib */; };
		95B5D80723D2CC990051EC3C /* HomeContentViewContoller.swift in Sources */ = {isa = PBXBuildFile; fileRef = 95B5D7F423D2CC990051EC3C /* HomeContentViewContoller.swift */; };
		95B5D80823D2CC990051EC3C /* SUHomeContentView.swift in Sources */ = {isa = PBXBuildFile; fileRef = 95B5D7F723D2CC990051EC3C /* SUHomeContentView.swift */; };
		95B5D80923D2CC990051EC3C /* View+UIkit.swift in Sources */ = {isa = PBXBuildFile; fileRef = 95B5D7F823D2CC990051EC3C /* View+UIkit.swift */; };
		95B5D80B23D2CCB50051EC3C /* LaunchScreen.storyboard in Resources */ = {isa = PBXBuildFile; fileRef = 95B5D80A23D2CCB50051EC3C /* LaunchScreen.storyboard */; };
		95B5D80D23D2CCBD0051EC3C /* Home.storyboard in Resources */ = {isa = PBXBuildFile; fileRef = 95B5D80C23D2CCBD0051EC3C /* Home.storyboard */; };
		95B5D81523D2CE6A0051EC3C /* Preview Assets.xcassets in Resources */ = {isa = PBXBuildFile; fileRef = 95B5D81423D2CE6A0051EC3C /* Preview Assets.xcassets */; };
		95B5D81723D2CF060051EC3C /* Images.xcassets in Resources */ = {isa = PBXBuildFile; fileRef = 95B5D81623D2CF060051EC3C /* Images.xcassets */; };
		B07CCB3D1A8940E600A4F1E5 /* AppDelegate.swift in Sources */ = {isa = PBXBuildFile; fileRef = B07CCB3C1A8940E600A4F1E5 /* AppDelegate.swift */; };
		C49ACF4D1A8AC97B00084324 /* PacketTunnelProvider.swift in Sources */ = {isa = PBXBuildFile; fileRef = B0D507F51A8943FD005D1195 /* PacketTunnelProvider.swift */; };
/* End PBXBuildFile section */

/* Begin PBXContainerItemProxy section */
		6904B0F91FFDC625000B64F3 /* PBXContainerItemProxy */ = {
			isa = PBXContainerItemProxy;
			containerPortal = B07CCB2F1A8940E600A4F1E5 /* Project object */;
			proxyType = 1;
			remoteGlobalIDString = B07CCB6C1A89414500A4F1E5;
			remoteInfo = PacketTunnel;
		};
/* End PBXContainerItemProxy section */

/* Begin PBXCopyFilesBuildPhase section */
		6904B0FC1FFDC8D2000B64F3 /* Embed App Extensions */ = {
			isa = PBXCopyFilesBuildPhase;
			buildActionMask = 2147483647;
			dstPath = "";
			dstSubfolderSpec = 13;
			files = (
				6904B0FB1FFDC8D1000B64F3 /* PacketTunnel.appex in Embed App Extensions */,
			);
			name = "Embed App Extensions";
			runOnlyForDeploymentPostprocessing = 0;
		};
/* End PBXCopyFilesBuildPhase section */

/* Begin PBXFileReference section */
		0FE6BBCC7F2BB5707C8B6B78 /* Pods-SwiftV2Ray.release.xcconfig */ = {isa = PBXFileReference; includeInIndex = 1; lastKnownFileType = text.xcconfig; name = "Pods-SwiftV2Ray.release.xcconfig"; path = "Target Support Files/Pods-SwiftV2Ray/Pods-SwiftV2Ray.release.xcconfig"; sourceTree = "<group>"; };
		69836CE1212400AB00815672 /* NetworkExtension.framework */ = {isa = PBXFileReference; lastKnownFileType = wrapper.framework; name = NetworkExtension.framework; path = System/Library/Frameworks/NetworkExtension.framework; sourceTree = SDKROOT; };
		957338B323FA941E0040B1A9 /* config.json */ = {isa = PBXFileReference; fileEncoding = 4; lastKnownFileType = text.json; path = config.json; sourceTree = "<group>"; };
		957338B423FA941E0040B1A9 /* V2RayConfig.swift */ = {isa = PBXFileReference; fileEncoding = 4; lastKnownFileType = sourcecode.swift; path = V2RayConfig.swift; sourceTree = "<group>"; };
		9595ACA523D40E5A005D5949 /* HomeContentServerCell.xib */ = {isa = PBXFileReference; lastKnownFileType = file.xib; path = HomeContentServerCell.xib; sourceTree = "<group>"; };
		9595ACA723D40EA5005D5949 /* HomeContentServerCell.swift */ = {isa = PBXFileReference; lastKnownFileType = sourcecode.swift; path = HomeContentServerCell.swift; sourceTree = "<group>"; };
		9595ACBA23E9C0E7005D5949 /* PacketTunnel.entitlements */ = {isa = PBXFileReference; fileEncoding = 4; lastKnownFileType = text.plist.entitlements; name = PacketTunnel.entitlements; path = PacketTunnel/PacketTunnel.entitlements; sourceTree = SOURCE_ROOT; };
		959DC32123EE772D00D5FD58 /* Tun2socks.framework */ = {isa = PBXFileReference; lastKnownFileType = wrapper.framework; path = Tun2socks.framework; sourceTree = "<group>"; };
		95B5D79B23D2CBF40051EC3C /* SceneDelegate.swift */ = {isa = PBXFileReference; fileEncoding = 4; lastKnownFileType = sourcecode.swift; path = SceneDelegate.swift; sourceTree = "<group>"; };
		95B5D7E223D2CC990051EC3C /* VPNHelper.swift */ = {isa = PBXFileReference; fileEncoding = 4; lastKnownFileType = sourcecode.swift; path = VPNHelper.swift; sourceTree = "<group>"; };
		95B5D7E723D2CC990051EC3C /* AirportTool.swift */ = {isa = PBXFileReference; fileEncoding = 4; lastKnownFileType = sourcecode.swift; path = AirportTool.swift; sourceTree = "<group>"; };
		95B5D7EA23D2CC990051EC3C /* HomeContentViewModel.swift */ = {isa = PBXFileReference; fileEncoding = 4; lastKnownFileType = sourcecode.swift; path = HomeContentViewModel.swift; sourceTree = "<group>"; };
		95B5D7EB23D2CC990051EC3C /* VmessEndpoint.swift */ = {isa = PBXFileReference; fileEncoding = 4; lastKnownFileType = sourcecode.swift; path = VmessEndpoint.swift; sourceTree = "<group>"; };
		95B5D7ED23D2CC990051EC3C /* HomeTabViewController.swift */ = {isa = PBXFileReference; fileEncoding = 4; lastKnownFileType = sourcecode.swift; path = HomeTabViewController.swift; sourceTree = "<group>"; };
		95B5D7EE23D2CC990051EC3C /* SettingTabViewController.swift */ = {isa = PBXFileReference; fileEncoding = 4; lastKnownFileType = sourcecode.swift; path = SettingTabViewController.swift; sourceTree = "<group>"; };
		95B5D7EF23D2CC990051EC3C /* HomeContentControlCell.swift */ = {isa = PBXFileReference; fileEncoding = 4; lastKnownFileType = sourcecode.swift; path = HomeContentControlCell.swift; sourceTree = "<group>"; };
		95B5D7F023D2CC990051EC3C /* HomeContentViewController.xib */ = {isa = PBXFileReference; fileEncoding = 4; lastKnownFileType = file.xib; path = HomeContentViewController.xib; sourceTree = "<group>"; };
		95B5D7F123D2CC990051EC3C /* HomeContentProxyCell.swift */ = {isa = PBXFileReference; fileEncoding = 4; lastKnownFileType = sourcecode.swift; path = HomeContentProxyCell.swift; sourceTree = "<group>"; };
		95B5D7F223D2CC990051EC3C /* HomeContentProxyCell.xib */ = {isa = PBXFileReference; fileEncoding = 4; lastKnownFileType = file.xib; path = HomeContentProxyCell.xib; sourceTree = "<group>"; };
		95B5D7F323D2CC990051EC3C /* HomeContentControlCell.xib */ = {isa = PBXFileReference; fileEncoding = 4; lastKnownFileType = file.xib; path = HomeContentControlCell.xib; sourceTree = "<group>"; };
		95B5D7F423D2CC990051EC3C /* HomeContentViewContoller.swift */ = {isa = PBXFileReference; fileEncoding = 4; lastKnownFileType = sourcecode.swift; path = HomeContentViewContoller.swift; sourceTree = "<group>"; };
		95B5D7F723D2CC990051EC3C /* SUHomeContentView.swift */ = {isa = PBXFileReference; fileEncoding = 4; lastKnownFileType = sourcecode.swift; path = SUHomeContentView.swift; sourceTree = "<group>"; };
		95B5D7F823D2CC990051EC3C /* View+UIkit.swift */ = {isa = PBXFileReference; fileEncoding = 4; lastKnownFileType = sourcecode.swift; path = "View+UIkit.swift"; sourceTree = "<group>"; };
		95B5D80A23D2CCB50051EC3C /* LaunchScreen.storyboard */ = {isa = PBXFileReference; fileEncoding = 4; lastKnownFileType = file.storyboard; path = LaunchScreen.storyboard; sourceTree = "<group>"; };
		95B5D80C23D2CCBD0051EC3C /* Home.storyboard */ = {isa = PBXFileReference; fileEncoding = 4; lastKnownFileType = file.storyboard; path = Home.storyboard; sourceTree = "<group>"; };
		95B5D80E23D2CD7F0051EC3C /* SwiftV2Ray.entitlements */ = {isa = PBXFileReference; lastKnownFileType = text.plist.entitlements; path = SwiftV2Ray.entitlements; sourceTree = "<group>"; };
		95B5D81423D2CE6A0051EC3C /* Preview Assets.xcassets */ = {isa = PBXFileReference; lastKnownFileType = folder.assetcatalog; path = "Preview Assets.xcassets"; sourceTree = "<group>"; };
		95B5D81623D2CF060051EC3C /* Images.xcassets */ = {isa = PBXFileReference; lastKnownFileType = folder.assetcatalog; path = Images.xcassets; sourceTree = "<group>"; };
		9EB527B618ED1C66404ECA1C /* Pods-SwiftV2Ray.debug.xcconfig */ = {isa = PBXFileReference; includeInIndex = 1; lastKnownFileType = text.xcconfig; name = "Pods-SwiftV2Ray.debug.xcconfig"; path = "Target Support Files/Pods-SwiftV2Ray/Pods-SwiftV2Ray.debug.xcconfig"; sourceTree = "<group>"; };
		B01F23AB1A8A8C5E0078C66D /* Info.plist */ = {isa = PBXFileReference; fileEncoding = 4; lastKnownFileType = text.plist.xml; name = Info.plist; path = PacketTunnel/Info.plist; sourceTree = SOURCE_ROOT; };
		B07CCB371A8940E600A4F1E5 /* SwiftV2Ray.app */ = {isa = PBXFileReference; explicitFileType = wrapper.application; includeInIndex = 0; path = SwiftV2Ray.app; sourceTree = BUILT_PRODUCTS_DIR; };
		B07CCB3B1A8940E600A4F1E5 /* Info.plist */ = {isa = PBXFileReference; lastKnownFileType = text.plist.xml; path = Info.plist; sourceTree = "<group>"; };
		B07CCB3C1A8940E600A4F1E5 /* AppDelegate.swift */ = {isa = PBXFileReference; lastKnownFileType = sourcecode.swift; path = AppDelegate.swift; sourceTree = "<group>"; };
		B07CCB6D1A89414500A4F1E5 /* PacketTunnel.appex */ = {isa = PBXFileReference; explicitFileType = "wrapper.app-extension"; includeInIndex = 0; path = PacketTunnel.appex; sourceTree = BUILT_PRODUCTS_DIR; };
		B0D507F51A8943FD005D1195 /* PacketTunnelProvider.swift */ = {isa = PBXFileReference; fileEncoding = 4; lastKnownFileType = sourcecode.swift; name = PacketTunnelProvider.swift; path = PacketTunnel/PacketTunnelProvider.swift; sourceTree = SOURCE_ROOT; };
		D3A6121B47CB4BF81CE23659 /* Pods_SwiftV2Ray.framework */ = {isa = PBXFileReference; explicitFileType = wrapper.framework; includeInIndex = 0; path = Pods_SwiftV2Ray.framework; sourceTree = BUILT_PRODUCTS_DIR; };
/* End PBXFileReference section */

/* Begin PBXFrameworksBuildPhase section */
		B07CCB341A8940E600A4F1E5 /* Frameworks */ = {
			isa = PBXFrameworksBuildPhase;
			buildActionMask = 2147483647;
			files = (
				7208A593E9059346E1CF9EED /* Pods_SwiftV2Ray.framework in Frameworks */,
			);
			runOnlyForDeploymentPostprocessing = 0;
		};
		B07CCB6A1A89414500A4F1E5 /* Frameworks */ = {
			isa = PBXFrameworksBuildPhase;
			buildActionMask = 2147483647;
			files = (
				69836CE2212400AB00815672 /* NetworkExtension.framework in Frameworks */,
				959DC32223EE772E00D5FD58 /* Tun2socks.framework in Frameworks */,
			);
			runOnlyForDeploymentPostprocessing = 0;
		};
/* End PBXFrameworksBuildPhase section */

/* Begin PBXGroup section */
		690F9EC41FE5F38600F85684 /* Frameworks */ = {
			isa = PBXGroup;
			children = (
				959DC32123EE772D00D5FD58 /* Tun2socks.framework */,
				69836CE1212400AB00815672 /* NetworkExtension.framework */,
				D3A6121B47CB4BF81CE23659 /* Pods_SwiftV2Ray.framework */,
			);
			name = Frameworks;
			sourceTree = "<group>";
		};
		957338B223FA941E0040B1A9 /* V2Ray */ = {
			isa = PBXGroup;
			children = (
				957338B323FA941E0040B1A9 /* config.json */,
				957338B423FA941E0040B1A9 /* V2RayConfig.swift */,
			);
			path = V2Ray;
			sourceTree = "<group>";
		};
		95B5D7E023D2CC990051EC3C /* Classes */ = {
			isa = PBXGroup;
			children = (
				957338B223FA941E0040B1A9 /* V2Ray */,
				95B5D7E123D2CC990051EC3C /* Transport */,
				95B5D7E823D2CC990051EC3C /* Model */,
				95B5D7EC23D2CC990051EC3C /* ViewController */,
				95B5D7F523D2CC990051EC3C /* Views */,
				95B5D7F623D2CC990051EC3C /* SwiftUI */,
			);
			path = Classes;
			sourceTree = "<group>";
		};
		95B5D7E123D2CC990051EC3C /* Transport */ = {
			isa = PBXGroup;
			children = (
				95B5D7E223D2CC990051EC3C /* VPNHelper.swift */,
				95B5D7E723D2CC990051EC3C /* AirportTool.swift */,
			);
			path = Transport;
			sourceTree = "<group>";
		};
		95B5D7E823D2CC990051EC3C /* Model */ = {
			isa = PBXGroup;
			children = (
				95B5D7EA23D2CC990051EC3C /* HomeContentViewModel.swift */,
				95B5D7EB23D2CC990051EC3C /* VmessEndpoint.swift */,
			);
			path = Model;
			sourceTree = "<group>";
		};
		95B5D7EC23D2CC990051EC3C /* ViewController */ = {
			isa = PBXGroup;
			children = (
				95B5D7ED23D2CC990051EC3C /* HomeTabViewController.swift */,
				95B5D7EE23D2CC990051EC3C /* SettingTabViewController.swift */,
				95B5D7F423D2CC990051EC3C /* HomeContentViewContoller.swift */,
			);
			path = ViewController;
			sourceTree = "<group>";
		};
		95B5D7F523D2CC990051EC3C /* Views */ = {
			isa = PBXGroup;
			children = (
				95B5D7EF23D2CC990051EC3C /* HomeContentControlCell.swift */,
				95B5D7F323D2CC990051EC3C /* HomeContentControlCell.xib */,
				95B5D7F123D2CC990051EC3C /* HomeContentProxyCell.swift */,
				95B5D7F223D2CC990051EC3C /* HomeContentProxyCell.xib */,
				9595ACA723D40EA5005D5949 /* HomeContentServerCell.swift */,
				9595ACA523D40E5A005D5949 /* HomeContentServerCell.xib */,
				95B5D7F023D2CC990051EC3C /* HomeContentViewController.xib */,
			);
			path = Views;
			sourceTree = "<group>";
		};
		95B5D7F623D2CC990051EC3C /* SwiftUI */ = {
			isa = PBXGroup;
			children = (
				95B5D7F723D2CC990051EC3C /* SUHomeContentView.swift */,
				95B5D7F823D2CC990051EC3C /* View+UIkit.swift */,
			);
			path = SwiftUI;
			sourceTree = "<group>";
		};
		95B5D81323D2CE6A0051EC3C /* Preview Content */ = {
			isa = PBXGroup;
			children = (
				95B5D81423D2CE6A0051EC3C /* Preview Assets.xcassets */,
			);
			path = "Preview Content";
			sourceTree = "<group>";
		};
		A26DAFAD2D520FFFCED0BD63 /* Pods */ = {
			isa = PBXGroup;
			children = (
				9EB527B618ED1C66404ECA1C /* Pods-SwiftV2Ray.debug.xcconfig */,
				0FE6BBCC7F2BB5707C8B6B78 /* Pods-SwiftV2Ray.release.xcconfig */,
			);
			path = Pods;
			sourceTree = "<group>";
		};
		B07CCB2E1A8940E600A4F1E5 = {
			isa = PBXGroup;
			children = (
				B07CCB391A8940E600A4F1E5 /* SwiftV2Ray */,
				B07CCB6E1A89414500A4F1E5 /* PacketTunnel */,
				B07CCB381A8940E600A4F1E5 /* Products */,
				690F9EC41FE5F38600F85684 /* Frameworks */,
				A26DAFAD2D520FFFCED0BD63 /* Pods */,
			);
			sourceTree = "<group>";
		};
		B07CCB381A8940E600A4F1E5 /* Products */ = {
			isa = PBXGroup;
			children = (
				B07CCB371A8940E600A4F1E5 /* SwiftV2Ray.app */,
				B07CCB6D1A89414500A4F1E5 /* PacketTunnel.appex */,
			);
			name = Products;
			sourceTree = "<group>";
		};
		B07CCB391A8940E600A4F1E5 /* SwiftV2Ray */ = {
			isa = PBXGroup;
			children = (
				B07CCB3C1A8940E600A4F1E5 /* AppDelegate.swift */,
				95B5D79B23D2CBF40051EC3C /* SceneDelegate.swift */,
				95B5D80C23D2CCBD0051EC3C /* Home.storyboard */,
				95B5D80A23D2CCB50051EC3C /* LaunchScreen.storyboard */,
				95B5D81323D2CE6A0051EC3C /* Preview Content */,
				95B5D7E023D2CC990051EC3C /* Classes */,
				B07CCB3A1A8940E600A4F1E5 /* Supporting Files */,
			);
			path = SwiftV2Ray;
			sourceTree = "<group>";
		};
		B07CCB3A1A8940E600A4F1E5 /* Supporting Files */ = {
			isa = PBXGroup;
			children = (
				95B5D81623D2CF060051EC3C /* Images.xcassets */,
				95B5D80E23D2CD7F0051EC3C /* SwiftV2Ray.entitlements */,
				B07CCB3B1A8940E600A4F1E5 /* Info.plist */,
			);
			name = "Supporting Files";
			sourceTree = "<group>";
		};
		B07CCB6E1A89414500A4F1E5 /* PacketTunnel */ = {
			isa = PBXGroup;
			children = (
				B0D507F51A8943FD005D1195 /* PacketTunnelProvider.swift */,
				B07CCB6F1A89414500A4F1E5 /* Supporting Files */,
			);
			name = PacketTunnel;
			path = SimpleTunnel;
			sourceTree = "<group>";
		};
		B07CCB6F1A89414500A4F1E5 /* Supporting Files */ = {
			isa = PBXGroup;
			children = (
				B01F23AB1A8A8C5E0078C66D /* Info.plist */,
				9595ACBA23E9C0E7005D5949 /* PacketTunnel.entitlements */,
			);
			name = "Supporting Files";
			sourceTree = "<group>";
		};
/* End PBXGroup section */

/* Begin PBXNativeTarget section */
		B07CCB361A8940E600A4F1E5 /* SwiftV2Ray */ = {
			isa = PBXNativeTarget;
			buildConfigurationList = B07CCB561A8940E600A4F1E5 /* Build configuration list for PBXNativeTarget "SwiftV2Ray" */;
			buildPhases = (
				80AF9C65FAED9B20BBF4E418 /* [CP] Check Pods Manifest.lock */,
				B07CCB331A8940E600A4F1E5 /* Sources */,
				B07CCB341A8940E600A4F1E5 /* Frameworks */,
				B07CCB351A8940E600A4F1E5 /* Resources */,
				6904B0FC1FFDC8D2000B64F3 /* Embed App Extensions */,
				EE00FDEDD22C8984F28F184D /* [CP] Embed Pods Frameworks */,
			);
			buildRules = (
			);
			dependencies = (
				6904B0FA1FFDC625000B64F3 /* PBXTargetDependency */,
			);
			name = SwiftV2Ray;
			productName = SimpleTunnel;
			productReference = B07CCB371A8940E600A4F1E5 /* SwiftV2Ray.app */;
			productType = "com.apple.product-type.application";
		};
		B07CCB6C1A89414500A4F1E5 /* PacketTunnel */ = {
			isa = PBXNativeTarget;
			buildConfigurationList = B07CCB7A1A89414600A4F1E5 /* Build configuration list for PBXNativeTarget "PacketTunnel" */;
			buildPhases = (
				B07CCB691A89414500A4F1E5 /* Sources */,
				B07CCB6A1A89414500A4F1E5 /* Frameworks */,
				B07CCB6B1A89414500A4F1E5 /* Resources */,
			);
			buildRules = (
			);
			dependencies = (
			);
			name = PacketTunnel;
			productName = PacketTunnelFileProvider;
			productReference = B07CCB6D1A89414500A4F1E5 /* PacketTunnel.appex */;
			productType = "com.apple.product-type.app-extension";
		};
/* End PBXNativeTarget section */

/* Begin PBXProject section */
		B07CCB2F1A8940E600A4F1E5 /* Project object */ = {
			isa = PBXProject;
			attributes = {
				LastSwiftUpdateCheck = 0920;
				LastUpgradeCheck = 1020;
				ORGANIZATIONNAME = "Apple Inc.";
				TargetAttributes = {
					B07CCB361A8940E600A4F1E5 = {
						CreatedOnToolsVersion = 7.0;
						DevelopmentTeam = 9FGA344YZ7;
						LastSwiftMigration = 1020;
						ProvisioningStyle = Manual;
						SystemCapabilities = {
							com.apple.Keychain = {
								enabled = 0;
							};
						};
					};
					B07CCB6C1A89414500A4F1E5 = {
						CreatedOnToolsVersion = 7.0;
						DevelopmentTeam = 9FGA344YZ7;
						LastSwiftMigration = 1020;
						ProvisioningStyle = Manual;
						SystemCapabilities = {
							com.apple.NetworkExtensions.iOS = {
								enabled = 1;
							};
						};
					};
				};
			};
			buildConfigurationList = B07CCB321A8940E600A4F1E5 /* Build configuration list for PBXProject "SwiftV2Ray" */;
			compatibilityVersion = "Xcode 3.2";
			developmentRegion = en;
			hasScannedForEncodings = 0;
			knownRegions = (
				en,
				Base,
			);
			mainGroup = B07CCB2E1A8940E600A4F1E5;
			productRefGroup = B07CCB381A8940E600A4F1E5 /* Products */;
			projectDirPath = "";
			projectRoot = "";
			targets = (
				B07CCB361A8940E600A4F1E5 /* SwiftV2Ray */,
				B07CCB6C1A89414500A4F1E5 /* PacketTunnel */,
			);
		};
/* End PBXProject section */

/* Begin PBXResourcesBuildPhase section */
		B07CCB351A8940E600A4F1E5 /* Resources */ = {
			isa = PBXResourcesBuildPhase;
			buildActionMask = 2147483647;
			files = (
				95B5D81523D2CE6A0051EC3C /* Preview Assets.xcassets in Resources */,
				9595ACA623D40E5A005D5949 /* HomeContentServerCell.xib in Resources */,
				957338B523FA941E0040B1A9 /* config.json in Resources */,
				95B5D81723D2CF060051EC3C /* Images.xcassets in Resources */,
				95B5D80623D2CC990051EC3C /* HomeContentControlCell.xib in Resources */,
				95B5D80323D2CC990051EC3C /* HomeContentViewController.xib in Resources */,
				95B5D80D23D2CCBD0051EC3C /* Home.storyboard in Resources */,
				95B5D80B23D2CCB50051EC3C /* LaunchScreen.storyboard in Resources */,
				95B5D80523D2CC990051EC3C /* HomeContentProxyCell.xib in Resources */,
			);
			runOnlyForDeploymentPostprocessing = 0;
		};
		B07CCB6B1A89414500A4F1E5 /* Resources */ = {
			isa = PBXResourcesBuildPhase;
			buildActionMask = 2147483647;
			files = (
				957338B623FA941E0040B1A9 /* config.json in Resources */,
			);
			runOnlyForDeploymentPostprocessing = 0;
		};
/* End PBXResourcesBuildPhase section */

/* Begin PBXShellScriptBuildPhase section */
		80AF9C65FAED9B20BBF4E418 /* [CP] Check Pods Manifest.lock */ = {
			isa = PBXShellScriptBuildPhase;
			buildActionMask = 2147483647;
			files = (
			);
			inputFileListPaths = (
			);
			inputPaths = (
				"${PODS_PODFILE_DIR_PATH}/Podfile.lock",
				"${PODS_ROOT}/Manifest.lock",
			);
			name = "[CP] Check Pods Manifest.lock";
			outputFileListPaths = (
			);
			outputPaths = (
				"$(DERIVED_FILE_DIR)/Pods-SwiftV2Ray-checkManifestLockResult.txt",
			);
			runOnlyForDeploymentPostprocessing = 0;
			shellPath = /bin/sh;
			shellScript = "diff \"${PODS_PODFILE_DIR_PATH}/Podfile.lock\" \"${PODS_ROOT}/Manifest.lock\" > /dev/null\nif [ $? != 0 ] ; then\n    # print error to STDERR\n    echo \"error: The sandbox is not in sync with the Podfile.lock. Run 'pod install' or update your CocoaPods installation.\" >&2\n    exit 1\nfi\n# This output is used by Xcode 'outputs' to avoid re-running this script phase.\necho \"SUCCESS\" > \"${SCRIPT_OUTPUT_FILE_0}\"\n";
			showEnvVarsInLog = 0;
		};
		EE00FDEDD22C8984F28F184D /* [CP] Embed Pods Frameworks */ = {
			isa = PBXShellScriptBuildPhase;
			buildActionMask = 2147483647;
			files = (
			);
			inputPaths = (
				"${PODS_ROOT}/Target Support Files/Pods-SwiftV2Ray/Pods-SwiftV2Ray-frameworks.sh",
				"${BUILT_PRODUCTS_DIR}/Alamofire/Alamofire.framework",
				"${BUILT_PRODUCTS_DIR}/SnapKit/SnapKit.framework",
				"${BUILT_PRODUCTS_DIR}/SwiftyJSON/SwiftyJSON.framework",
			);
			name = "[CP] Embed Pods Frameworks";
			outputPaths = (
				"${TARGET_BUILD_DIR}/${FRAMEWORKS_FOLDER_PATH}/Alamofire.framework",
				"${TARGET_BUILD_DIR}/${FRAMEWORKS_FOLDER_PATH}/SnapKit.framework",
				"${TARGET_BUILD_DIR}/${FRAMEWORKS_FOLDER_PATH}/SwiftyJSON.framework",
			);
			runOnlyForDeploymentPostprocessing = 0;
			shellPath = /bin/sh;
			shellScript = "\"${PODS_ROOT}/Target Support Files/Pods-SwiftV2Ray/Pods-SwiftV2Ray-frameworks.sh\"\n";
			showEnvVarsInLog = 0;
		};
/* End PBXShellScriptBuildPhase section */

/* Begin PBXSourcesBuildPhase section */
		B07CCB331A8940E600A4F1E5 /* Sources */ = {
			isa = PBXSourcesBuildPhase;
			buildActionMask = 2147483647;
			files = (
				95B5D80223D2CC990051EC3C /* HomeContentControlCell.swift in Sources */,
				9595ACA823D40EA5005D5949 /* HomeContentServerCell.swift in Sources */,
				95B5D7F923D2CC990051EC3C /* VPNHelper.swift in Sources */,
				95B5D80123D2CC990051EC3C /* SettingTabViewController.swift in Sources */,
				957338B723FA941E0040B1A9 /* V2RayConfig.swift in Sources */,
				95B5D80823D2CC990051EC3C /* SUHomeContentView.swift in Sources */,
				95B5D80423D2CC990051EC3C /* HomeContentProxyCell.swift in Sources */,
				B07CCB3D1A8940E600A4F1E5 /* AppDelegate.swift in Sources */,
				95B5D79C23D2CBF40051EC3C /* SceneDelegate.swift in Sources */,
				95B5D7FD23D2CC990051EC3C /* AirportTool.swift in Sources */,
				95B5D80023D2CC990051EC3C /* HomeTabViewController.swift in Sources */,
				95B5D7FF23D2CC990051EC3C /* VmessEndpoint.swift in Sources */,
				95B5D80923D2CC990051EC3C /* View+UIkit.swift in Sources */,
				95B5D80723D2CC990051EC3C /* HomeContentViewContoller.swift in Sources */,
				95B5D7FE23D2CC990051EC3C /* HomeContentViewModel.swift in Sources */,
			);
			runOnlyForDeploymentPostprocessing = 0;
		};
		B07CCB691A89414500A4F1E5 /* Sources */ = {
			isa = PBXSourcesBuildPhase;
			buildActionMask = 2147483647;
			files = (
				9595ACF123EB0854005D5949 /* VmessEndpoint.swift in Sources */,
				957338B823FA941E0040B1A9 /* V2RayConfig.swift in Sources */,
				C49ACF4D1A8AC97B00084324 /* PacketTunnelProvider.swift in Sources */,
			);
			runOnlyForDeploymentPostprocessing = 0;
		};
/* End PBXSourcesBuildPhase section */

/* Begin PBXTargetDependency section */
		6904B0FA1FFDC625000B64F3 /* PBXTargetDependency */ = {
			isa = PBXTargetDependency;
			target = B07CCB6C1A89414500A4F1E5 /* PacketTunnel */;
			targetProxy = 6904B0F91FFDC625000B64F3 /* PBXContainerItemProxy */;
		};
/* End PBXTargetDependency section */

/* Begin XCBuildConfiguration section */
		B07CCB541A8940E600A4F1E5 /* Debug */ = {
			isa = XCBuildConfiguration;
			buildSettings = {
				ALWAYS_SEARCH_USER_PATHS = NO;
				CLANG_ANALYZER_LOCALIZABILITY_NONLOCALIZED = YES;
				CLANG_CXX_LANGUAGE_STANDARD = "gnu++0x";
				CLANG_CXX_LIBRARY = "libc++";
				CLANG_ENABLE_MODULES = YES;
				CLANG_ENABLE_OBJC_ARC = YES;
				CLANG_WARN_BLOCK_CAPTURE_AUTORELEASING = YES;
				CLANG_WARN_BOOL_CONVERSION = YES;
				CLANG_WARN_COMMA = YES;
				CLANG_WARN_CONSTANT_CONVERSION = YES;
				CLANG_WARN_DEPRECATED_OBJC_IMPLEMENTATIONS = YES;
				CLANG_WARN_DIRECT_OBJC_ISA_USAGE = YES_ERROR;
				CLANG_WARN_EMPTY_BODY = YES;
				CLANG_WARN_ENUM_CONVERSION = YES;
				CLANG_WARN_INFINITE_RECURSION = YES;
				CLANG_WARN_INT_CONVERSION = YES;
				CLANG_WARN_NON_LITERAL_NULL_CONVERSION = YES;
				CLANG_WARN_OBJC_IMPLICIT_RETAIN_SELF = YES;
				CLANG_WARN_OBJC_LITERAL_CONVERSION = YES;
				CLANG_WARN_OBJC_ROOT_CLASS = YES_ERROR;
				CLANG_WARN_RANGE_LOOP_ANALYSIS = YES;
				CLANG_WARN_STRICT_PROTOTYPES = YES;
				CLANG_WARN_SUSPICIOUS_MOVE = YES;
				CLANG_WARN_UNREACHABLE_CODE = YES;
				CLANG_WARN__DUPLICATE_METHOD_MATCH = YES;
				COPY_PHASE_STRIP = NO;
				ENABLE_STRICT_OBJC_MSGSEND = YES;
				ENABLE_TESTABILITY = YES;
				GCC_C_LANGUAGE_STANDARD = gnu99;
				GCC_DYNAMIC_NO_PIC = NO;
				GCC_NO_COMMON_BLOCKS = YES;
				GCC_OPTIMIZATION_LEVEL = 0;
				GCC_PREPROCESSOR_DEFINITIONS = (
					"DEBUG=1",
					"$(inherited)",
				);
				GCC_SYMBOLS_PRIVATE_EXTERN = NO;
				GCC_WARN_64_TO_32_BIT_CONVERSION = YES;
				GCC_WARN_ABOUT_RETURN_TYPE = YES_ERROR;
				GCC_WARN_UNDECLARED_SELECTOR = YES;
				GCC_WARN_UNINITIALIZED_AUTOS = YES_AGGRESSIVE;
				GCC_WARN_UNUSED_FUNCTION = YES;
				GCC_WARN_UNUSED_VARIABLE = YES;
				IPHONEOS_DEPLOYMENT_TARGET = 12.0;
				MACOSX_DEPLOYMENT_TARGET = 10.11;
				ONLY_ACTIVE_ARCH = YES;
				OTHER_LDFLAGS = (
					"-weak_framework",
					SwiftUI,
				);
				SDKROOT = iphoneos;
				SWIFT_OPTIMIZATION_LEVEL = "-Onone";
				TARGETED_DEVICE_FAMILY = "1,2";
				VALID_ARCHS = "arm64 armv7 arme64e armv7s";
			};
			name = Debug;
		};
		B07CCB551A8940E600A4F1E5 /* Release */ = {
			isa = XCBuildConfiguration;
			buildSettings = {
				ALWAYS_SEARCH_USER_PATHS = NO;
				CLANG_ANALYZER_LOCALIZABILITY_NONLOCALIZED = YES;
				CLANG_CXX_LANGUAGE_STANDARD = "gnu++0x";
				CLANG_CXX_LIBRARY = "libc++";
				CLANG_ENABLE_MODULES = YES;
				CLANG_ENABLE_OBJC_ARC = YES;
				CLANG_WARN_BLOCK_CAPTURE_AUTORELEASING = YES;
				CLANG_WARN_BOOL_CONVERSION = YES;
				CLANG_WARN_COMMA = YES;
				CLANG_WARN_CONSTANT_CONVERSION = YES;
				CLANG_WARN_DEPRECATED_OBJC_IMPLEMENTATIONS = YES;
				CLANG_WARN_DIRECT_OBJC_ISA_USAGE = YES_ERROR;
				CLANG_WARN_EMPTY_BODY = YES;
				CLANG_WARN_ENUM_CONVERSION = YES;
				CLANG_WARN_INFINITE_RECURSION = YES;
				CLANG_WARN_INT_CONVERSION = YES;
				CLANG_WARN_NON_LITERAL_NULL_CONVERSION = YES;
				CLANG_WARN_OBJC_IMPLICIT_RETAIN_SELF = YES;
				CLANG_WARN_OBJC_LITERAL_CONVERSION = YES;
				CLANG_WARN_OBJC_ROOT_CLASS = YES_ERROR;
				CLANG_WARN_RANGE_LOOP_ANALYSIS = YES;
				CLANG_WARN_STRICT_PROTOTYPES = YES;
				CLANG_WARN_SUSPICIOUS_MOVE = YES;
				CLANG_WARN_UNREACHABLE_CODE = YES;
				CLANG_WARN__DUPLICATE_METHOD_MATCH = YES;
				COPY_PHASE_STRIP = NO;
				ENABLE_NS_ASSERTIONS = NO;
				ENABLE_STRICT_OBJC_MSGSEND = YES;
				GCC_C_LANGUAGE_STANDARD = gnu99;
				GCC_NO_COMMON_BLOCKS = YES;
				GCC_WARN_64_TO_32_BIT_CONVERSION = YES;
				GCC_WARN_ABOUT_RETURN_TYPE = YES_ERROR;
				GCC_WARN_UNDECLARED_SELECTOR = YES;
				GCC_WARN_UNINITIALIZED_AUTOS = YES_AGGRESSIVE;
				GCC_WARN_UNUSED_FUNCTION = YES;
				GCC_WARN_UNUSED_VARIABLE = YES;
				IPHONEOS_DEPLOYMENT_TARGET = 12.0;
				MACOSX_DEPLOYMENT_TARGET = 10.11;
				OTHER_LDFLAGS = (
					"-weak_framework",
					SwiftUI,
				);
				SDKROOT = iphoneos;
				SWIFT_OPTIMIZATION_LEVEL = "-Owholemodule";
				TARGETED_DEVICE_FAMILY = "1,2";
				VALIDATE_PRODUCT = YES;
				VALID_ARCHS = "arm64 armv7 arme64e armv7s";
			};
			name = Release;
		};
		B07CCB571A8940E600A4F1E5 /* Debug */ = {
			isa = XCBuildConfiguration;
			baseConfigurationReference = 9EB527B618ED1C66404ECA1C /* Pods-SwiftV2Ray.debug.xcconfig */;
			buildSettings = {
				ALWAYS_EMBED_SWIFT_STANDARD_LIBRARIES = YES;
				ASSETCATALOG_COMPILER_APPICON_NAME = AppIcon;
				CLANG_ENABLE_MODULES = YES;
				CODE_SIGN_ENTITLEMENTS = SwiftV2Ray/SwiftV2Ray.entitlements;
				CODE_SIGN_IDENTITY = "iPhone Developer";
				CODE_SIGN_STYLE = Manual;
				DEVELOPMENT_TEAM = 9FGA344YZ7;
				FRAMEWORK_SEARCH_PATHS = (
					"$(inherited)",
					"$(PROJECT_DIR)",
				);
				GCC_PREPROCESSOR_DEFINITIONS = (
					"DEBUG=1",
					"$(inherited)",
					"VPNTYPE=\\\"$(PLUGIN_BUNDLE_ID)\\\"",
				);
				INFOPLIST_FILE = "$(SRCROOT)/SwiftV2Ray/Info.plist";
				IPHONEOS_DEPLOYMENT_TARGET = 12.0;
				LD_RUNPATH_SEARCH_PATHS = "$(inherited) @executable_path/Frameworks";
				PRODUCT_BUNDLE_IDENTIFIER = com.david.SwiftV2Ray;
				PRODUCT_NAME = "$(TARGET_NAME)";
				PROVISIONING_PROFILE_SPECIFIER = "Jailbreak Provisioning Profile: David Changed";
				STRIP_INSTALLED_PRODUCT = NO;
				SWIFT_OPTIMIZATION_LEVEL = "-Onone";
				SWIFT_VERSION = 5.0;
				TARGETED_DEVICE_FAMILY = 1;
				VALID_ARCHS = "armv7 arm64e arm64 armv7s";
			};
			name = Debug;
		};
		B07CCB581A8940E600A4F1E5 /* Release */ = {
			isa = XCBuildConfiguration;
			baseConfigurationReference = 0FE6BBCC7F2BB5707C8B6B78 /* Pods-SwiftV2Ray.release.xcconfig */;
			buildSettings = {
				ALWAYS_EMBED_SWIFT_STANDARD_LIBRARIES = YES;
				ASSETCATALOG_COMPILER_APPICON_NAME = AppIcon;
				CLANG_ENABLE_MODULES = YES;
				CODE_SIGN_ENTITLEMENTS = SwiftV2Ray/SwiftV2Ray.entitlements;
				CODE_SIGN_IDENTITY = "iPhone Developer";
				CODE_SIGN_STYLE = Manual;
				DEVELOPMENT_TEAM = 9FGA344YZ7;
				FRAMEWORK_SEARCH_PATHS = (
					"$(inherited)",
					"$(PROJECT_DIR)",
				);
				GCC_PREPROCESSOR_DEFINITIONS = "VPNTYPE=\\\"$(PLUGIN_BUNDLE_ID)\\\"";
				INFOPLIST_FILE = "$(SRCROOT)/SwiftV2Ray/Info.plist";
				IPHONEOS_DEPLOYMENT_TARGET = 12.0;
				LD_RUNPATH_SEARCH_PATHS = "$(inherited) @executable_path/Frameworks";
				PRODUCT_BUNDLE_IDENTIFIER = com.david.SwiftV2Ray;
				PRODUCT_NAME = "$(TARGET_NAME)";
				PROVISIONING_PROFILE_SPECIFIER = "Jailbreak Provisioning Profile: David Changed";
				STRIP_INSTALLED_PRODUCT = NO;
				SWIFT_VERSION = 5.0;
				TARGETED_DEVICE_FAMILY = 1;
				VALID_ARCHS = "armv7 arm64e arm64 armv7s";
			};
			name = Release;
		};
		B07CCB7B1A89414600A4F1E5 /* Debug */ = {
			isa = XCBuildConfiguration;
			buildSettings = {
				CODE_SIGN_ENTITLEMENTS = PacketTunnel/PacketTunnel.entitlements;
				CODE_SIGN_IDENTITY = "iPhone Developer";
				CODE_SIGN_STYLE = Manual;
				DEVELOPMENT_TEAM = 9FGA344YZ7;
				ENABLE_BITCODE = NO;
				FRAMEWORK_SEARCH_PATHS = (
					"$(inherited)",
					"$(PROJECT_DIR)",
				);
				INFOPLIST_FILE = PacketTunnel/Info.plist;
				IPHONEOS_DEPLOYMENT_TARGET = 12.0;
				LD_RUNPATH_SEARCH_PATHS = "$(inherited) @executable_path/Frameworks @executable_path/../../Frameworks";
				PLUGIN_BUNDLE_ID = "com.apple.VPN-Development1.vpnplugin";
				PRODUCT_BUNDLE_IDENTIFIER = com.david.SwiftV2Ray.PacketTunnel;
				PRODUCT_NAME = "$(TARGET_NAME)";
				PROVISIONING_PROFILE = "";
				PROVISIONING_PROFILE_SPECIFIER = "Jailbreak Provisioning Profile: David Changed";
				SKIP_INSTALL = YES;
				SWIFT_VERSION = 5.0;
				TARGETED_DEVICE_FAMILY = 1;
			};
			name = Debug;
		};
		B07CCB7C1A89414600A4F1E5 /* Release */ = {
			isa = XCBuildConfiguration;
			buildSettings = {
				CODE_SIGN_ENTITLEMENTS = PacketTunnel/PacketTunnel.entitlements;
				CODE_SIGN_IDENTITY = "iPhone Developer";
				CODE_SIGN_STYLE = Manual;
				DEVELOPMENT_TEAM = 9FGA344YZ7;
				ENABLE_BITCODE = NO;
				FRAMEWORK_SEARCH_PATHS = (
					"$(inherited)",
					"$(PROJECT_DIR)",
				);
				INFOPLIST_FILE = PacketTunnel/Info.plist;
				IPHONEOS_DEPLOYMENT_TARGET = 12.0;
				LD_RUNPATH_SEARCH_PATHS = "$(inherited) @executable_path/Frameworks @executable_path/../../Frameworks";
				PLUGIN_BUNDLE_ID = "com.apple.VPN-Development1.vpnplugin";
				PRODUCT_BUNDLE_IDENTIFIER = com.david.SwiftV2Ray.PacketTunnel;
				PRODUCT_NAME = "$(TARGET_NAME)";
				PROVISIONING_PROFILE_SPECIFIER = "Jailbreak Provisioning Profile: David Changed";
				SKIP_INSTALL = YES;
				SWIFT_VERSION = 5.0;
				TARGETED_DEVICE_FAMILY = 1;
			};
			name = Release;
		};
/* End XCBuildConfiguration section */

/* Begin XCConfigurationList section */
		B07CCB321A8940E600A4F1E5 /* Build configuration list for PBXProject "SwiftV2Ray" */ = {
			isa = XCConfigurationList;
			buildConfigurations = (
				B07CCB541A8940E600A4F1E5 /* Debug */,
				B07CCB551A8940E600A4F1E5 /* Release */,
			);
			defaultConfigurationIsVisible = 0;
			defaultConfigurationName = Release;
		};
		B07CCB561A8940E600A4F1E5 /* Build configuration list for PBXNativeTarget "SwiftV2Ray" */ = {
			isa = XCConfigurationList;
			buildConfigurations = (
				B07CCB571A8940E600A4F1E5 /* Debug */,
				B07CCB581A8940E600A4F1E5 /* Release */,
			);
			defaultConfigurationIsVisible = 0;
			defaultConfigurationName = Release;
		};
		B07CCB7A1A89414600A4F1E5 /* Build configuration list for PBXNativeTarget "PacketTunnel" */ = {
			isa = XCConfigurationList;
			buildConfigurations = (
				B07CCB7B1A89414600A4F1E5 /* Debug */,
				B07CCB7C1A89414600A4F1E5 /* Release */,
			);
			defaultConfigurationIsVisible = 0;
			defaultConfigurationName = Release;
		};
/* End XCConfigurationList section */
	};
	rootObject = B07CCB2F1A8940E600A4F1E5 /* Project object */;
}
